{
    "_readme": [
        "This file locks the dependencies of your project to a known state",
        "Read more about it at https://getcomposer.org/doc/01-basic-usage.md#installing-dependencies",
        "This file is @generated automatically"
    ],
    "content-hash": "8769190cf1a9a5e5c86f6c81bcab53b5",
    "packages": [
        {
            "name": "openpayu/openpayu",
            "version": "2.4.2",
            "source": {
                "type": "git",
                "url": "https://github.com/PayU-EMEA/openpayu_php.git",
                "reference": "f6fb871d373b5b2f451608206771d2da7a2cd67d"
            },
            "dist": {
                "type": "zip",
                "url": "https://api.github.com/repos/PayU-EMEA/openpayu_php/zipball/f6fb871d373b5b2f451608206771d2da7a2cd67d",
                "reference": "f6fb871d373b5b2f451608206771d2da7a2cd67d",
                "shasum": ""
            },
            "require": {
                "ext-curl": "*",
                "ext-hash": "*",
                "ext-json": "*",
                "php": ">=7.4"
            },
            "require-dev": {
                "phpunit/phpunit": "^9.6.34"
            },
            "type": "library",
            "extra": [
                {
                    "engine": "PHP SDK"
                }
            ],
            "autoload": {
                "classmap": [
                    "lib/"
                ]
            },
            "notification-url": "https://packagist.org/downloads/",
            "license": [
                "apache-2.0"
            ],
            "authors": [
                {
                    "name": "OpenPayU",
                    "homepage": "http://developers.payu.com"
                }
            ],
            "description": "OpenPayU PHP Library",
            "support": {
                "issues": "https://github.com/PayU/openpayu_php/issues",
                "source": "https://github.com/PayU-EMEA/openpayu_php/tree/v2.4.2"
            },
            "time": "2026-05-14T12:25:44+00:00"
        }
    ],
    "packages-dev": [],
    "aliases": [],
    "minimum-stability": "stable",
    "stability-flags": {},
    "prefer-stable": false,
    "prefer-lowest": false,
    "platform": {},
    "platform-dev": {},
    "plugin-api-version": "2.9.0"
}
