{
    "_readme": [
        "This file locks the dependencies of your project to a known state",
        "Read more about it at https://getcomposer.org/doc/01-basic-usage.md#installing-dependencies",
        "This file is @generated automatically"
    ],
    "content-hash": "93fea47778497f4d6c2c67bc357bae44",
    "packages": [
        {
            "name": "openpayu/openpayu",
            "version": "2.4.4",
            "source": {
                "type": "git",
                "url": "https://github.com/PayU-EMEA/openpayu_php.git",
                "reference": "01c311fa27fc4165c52b22db6fc87e30d36f224d"
            },
            "dist": {
                "type": "zip",
                "url": "https://api.github.com/repos/PayU-EMEA/openpayu_php/zipball/01c311fa27fc4165c52b22db6fc87e30d36f224d",
                "reference": "01c311fa27fc4165c52b22db6fc87e30d36f224d",
                "shasum": ""
            },
            "require": {
                "ext-curl": "*",
                "ext-hash": "*",
                "ext-json": "*",
                "php": ">=7.4"
            },
            "require-dev": {
                "phpunit/phpunit": "^9.6.34"
            },
            "type": "library",
            "extra": [
                {
                    "engine": "PHP SDK"
                }
            ],
            "autoload": {
                "classmap": [
                    "lib/"
                ]
            },
            "notification-url": "https://packagist.org/downloads/",
            "license": [
                "apache-2.0"
            ],
            "authors": [
                {
                    "name": "OpenPayU",
                    "homepage": "http://developers.payu.com"
                }
            ],
            "description": "OpenPayU PHP Library",
            "support": {
                "issues": "https://github.com/PayU/openpayu_php/issues",
                "source": "https://github.com/PayU-EMEA/openpayu_php/tree/v2.4.4"
            },
            "time": "2026-07-29T07:04:46+00:00"
        }
    ],
    "packages-dev": [],
    "aliases": [],
    "minimum-stability": "stable",
    "stability-flags": {},
    "prefer-stable": false,
    "prefer-lowest": false,
    "platform": {},
    "platform-dev": {},
    "plugin-api-version": "2.9.0"
}
